
Microsoft Visual Studio Solution File, Format Version 12.00
# Visual Studio Version 16
VisualStudioVersion = 16.0.29519.87
MinimumVisualStudioVersion = 10.0.40219.1
Project("{FAE04EC0-301F-11D3-BF4B-00C04F79EFBC}") = "Area51elevator", "Area51elevator.csproj", "{63D329AF-88A6-4906-85EC-4064C160B937}"
EndProject
Global
	GlobalSection(SolutionConfigurationPlatforms) = preSolution
		Debug|Any CPU = Debug|Any CPU
		Release|Any CPU = Release|Any CPU
	EndGlobalSection
	GlobalSection(ProjectConfigurationPlatforms) = postSolution
		{63D329AF-88A6-4906-85EC-4064C160B937}.Debug|Any CPU.ActiveCfg = Debug|Any CPU
		{63D329AF-88A6-4906-85EC-4064C160B937}.Debug|Any CPU.Build.0 = Debug|Any CPU
		{63D329AF-88A6-4906-85EC-4064C160B937}.Release|Any CPU.ActiveCfg = Release|Any CPU
		{63D329AF-88A6-4906-85EC-4064C160B937}.Release|Any CPU.Build.0 = Release|Any CPU
	EndGlobalSection
	GlobalSection(SolutionProperties) = preSolution
		HideSolutionNode = FALSE
	EndGlobalSection
	GlobalSection(ExtensibilityGlobals) = postSolution
		SolutionGuid = {BE619031-1D91-4D31-A54C-C95FD94008D8}
	EndGlobalSection
EndGlobal
